// !$*UTF8*$!
{
	archiveVersion = 1;
	classes = {
	};
	objectVersion = 48;
	objects = {

/* Begin PBXBuildFile section */
		3620225A200798430037F59E /* VigenereCipherVC.swift in Sources */ = {isa = PBXBuildFile; fileRef = 36202259200798430037F59E /* VigenereCipherVC.swift */; };
		3620225C2007986E0037F59E /* VigenereCipherVC+UITextFieldDelegate.swift in Sources */ = {isa = PBXBuildFile; fileRef = 3620225B2007986E0037F59E /* VigenereCipherVC+UITextFieldDelegate.swift */; };
		3620225E20079C850037F59E /* VigenereCipher.swift in Sources */ = {isa = PBXBuildFile; fileRef = 3620225D20079C850037F59E /* VigenereCipher.swift */; };
		3620226020079ECC0037F59E /* VigenereCipher+Encrpyt.swift in Sources */ = {isa = PBXBuildFile; fileRef = 3620225F20079ECC0037F59E /* VigenereCipher+Encrpyt.swift */; };
		3620226220079ED50037F59E /* VigenereCipher+Decrpyt.swift in Sources */ = {isa = PBXBuildFile; fileRef = 3620226120079ED50037F59E /* VigenereCipher+Decrpyt.swift */; };
		36A8FDFF2007E21E00406057 /* AboutVC.swift in Sources */ = {isa = PBXBuildFile; fileRef = 36A8FDFE2007E21E00406057 /* AboutVC.swift */; };
		36A8FE022007E7F200406057 /* Bundle+VersionNumber.swift in Sources */ = {isa = PBXBuildFile; fileRef = 36A8FE012007E7F200406057 /* Bundle+VersionNumber.swift */; };
		36F7CBCE2006200A0050AD51 /* AppDelegate.swift in Sources */ = {isa = PBXBuildFile; fileRef = 36F7CBCD2006200A0050AD51 /* AppDelegate.swift */; };
		36F7CBD32006200A0050AD51 /* Main.storyboard in Resources */ = {isa = PBXBuildFile; fileRef = 36F7CBD12006200A0050AD51 /* Main.storyboard */; };
		36F7CBD52006200A0050AD51 /* Assets.xcassets in Resources */ = {isa = PBXBuildFile; fileRef = 36F7CBD42006200A0050AD51 /* Assets.xcassets */; };
		36F7CBD82006200A0050AD51 /* LaunchScreen.storyboard in Resources */ = {isa = PBXBuildFile; fileRef = 36F7CBD62006200A0050AD51 /* LaunchScreen.storyboard */; };
		36F7CBE32006200A0050AD51 /* Vigenere_CipherTests.swift in Sources */ = {isa = PBXBuildFile; fileRef = 36F7CBE22006200A0050AD51 /* Vigenere_CipherTests.swift */; };
/* End PBXBuildFile section */

/* Begin PBXContainerItemProxy section */
		36F7CBDF2006200A0050AD51 /* PBXContainerItemProxy */ = {
			isa = PBXContainerItemProxy;
			containerPortal = 36F7CBC22006200A0050AD51 /* Project object */;
			proxyType = 1;
			remoteGlobalIDString = 36F7CBC92006200A0050AD51;
			remoteInfo = "Vigenere Cipher";
		};
/* End PBXContainerItemProxy section */

/* Begin PBXFileReference section */
		36202259200798430037F59E /* VigenereCipherVC.swift */ = {isa = PBXFileReference; lastKnownFileType = sourcecode.swift; path = VigenereCipherVC.swift; sourceTree = "<group>"; };
		3620225B2007986E0037F59E /* VigenereCipherVC+UITextFieldDelegate.swift */ = {isa = PBXFileReference; lastKnownFileType = sourcecode.swift; path = "VigenereCipherVC+UITextFieldDelegate.swift"; sourceTree = "<group>"; };
		3620225D20079C850037F59E /* VigenereCipher.swift */ = {isa = PBXFileReference; lastKnownFileType = sourcecode.swift; path = VigenereCipher.swift; sourceTree = "<group>"; };
		3620225F20079ECC0037F59E /* VigenereCipher+Encrpyt.swift */ = {isa = PBXFileReference; lastKnownFileType = sourcecode.swift; path = "VigenereCipher+Encrpyt.swift"; sourceTree = "<group>"; };
		3620226120079ED50037F59E /* VigenereCipher+Decrpyt.swift */ = {isa = PBXFileReference; lastKnownFileType = sourcecode.swift; path = "VigenereCipher+Decrpyt.swift"; sourceTree = "<group>"; };
		36A8FDFE2007E21E00406057 /* AboutVC.swift */ = {isa = PBXFileReference; lastKnownFileType = sourcecode.swift; path = AboutVC.swift; sourceTree = "<group>"; };
		36A8FE012007E7F200406057 /* Bundle+VersionNumber.swift */ = {isa = PBXFileReference; lastKnownFileType = sourcecode.swift; path = "Bundle+VersionNumber.swift"; sourceTree = "<group>"; };
		36F7CBCA2006200A0050AD51 /* Vigenere Cipher.app */ = {isa = PBXFileReference; explicitFileType = wrapper.application; includeInIndex = 0; path = "Vigenere Cipher.app"; sourceTree = BUILT_PRODUCTS_DIR; };
		36F7CBCD2006200A0050AD51 /* AppDelegate.swift */ = {isa = PBXFileReference; lastKnownFileType = sourcecode.swift; path = AppDelegate.swift; sourceTree = "<group>"; };
		36F7CBD22006200A0050AD51 /* Base */ = {isa = PBXFileReference; lastKnownFileType = file.storyboard; name = Base; path = Base.lproj/Main.storyboard; sourceTree = "<group>"; };
		36F7CBD42006200A0050AD51 /* Assets.xcassets */ = {isa = PBXFileReference; lastKnownFileType = folder.assetcatalog; path = Assets.xcassets; sourceTree = "<group>"; };
		36F7CBD72006200A0050AD51 /* Base */ = {isa = PBXFileReference; lastKnownFileType = file.storyboard; name = Base; path = Base.lproj/LaunchScreen.storyboard; sourceTree = "<group>"; };
		36F7CBD92006200A0050AD51 /* Info.plist */ = {isa = PBXFileReference; lastKnownFileType = text.plist.xml; path = Info.plist; sourceTree = "<group>"; };
		36F7CBDE2006200A0050AD51 /* Vigenere CipherTests.xctest */ = {isa = PBXFileReference; explicitFileType = wrapper.cfbundle; includeInIndex = 0; path = "Vigenere CipherTests.xctest"; sourceTree = BUILT_PRODUCTS_DIR; };
		36F7CBE22006200A0050AD51 /* Vigenere_CipherTests.swift */ = {isa = PBXFileReference; lastKnownFileType = sourcecode.swift; path = Vigenere_CipherTests.swift; sourceTree = "<group>"; };
		36F7CBE42006200A0050AD51 /* Info.plist */ = {isa = PBXFileReference; lastKnownFileType = text.plist.xml; path = Info.plist; sourceTree = "<group>"; };
/* End PBXFileReference section */

/* Begin PBXFrameworksBuildPhase section */
		36F7CBC72006200A0050AD51 /* Frameworks */ = {
			isa = PBXFrameworksBuildPhase;
			buildActionMask = 2147483647;
			files = (
			);
			runOnlyForDeploymentPostprocessing = 0;
		};
		36F7CBDB2006200A0050AD51 /* Frameworks */ = {
			isa = PBXFrameworksBuildPhase;
			buildActionMask = 2147483647;
			files = (
			);
			runOnlyForDeploymentPostprocessing = 0;
		};
/* End PBXFrameworksBuildPhase section */

/* Begin PBXGroup section */
		36A8FE002007E7E600406057 /* Extension */ = {
			isa = PBXGroup;
			children = (
				36A8FE012007E7F200406057 /* Bundle+VersionNumber.swift */,
			);
			path = Extension;
			sourceTree = "<group>";
		};
		36F7CBC12006200A0050AD51 = {
			isa = PBXGroup;
			children = (
				36F7CBCC2006200A0050AD51 /* Vigenere Cipher */,
				36F7CBE12006200A0050AD51 /* Vigenere CipherTests */,
				36F7CBCB2006200A0050AD51 /* Products */,
			);
			sourceTree = "<group>";
		};
		36F7CBCB2006200A0050AD51 /* Products */ = {
			isa = PBXGroup;
			children = (
				36F7CBCA2006200A0050AD51 /* Vigenere Cipher.app */,
				36F7CBDE2006200A0050AD51 /* Vigenere CipherTests.xctest */,
			);
			name = Products;
			sourceTree = "<group>";
		};
		36F7CBCC2006200A0050AD51 /* Vigenere Cipher */ = {
			isa = PBXGroup;
			children = (
				36A8FE002007E7E600406057 /* Extension */,
				36F7CBEF200620E50050AD51 /* Model */,
				36F7CBED200620D70050AD51 /* Other */,
				36F7CBEE200620DE0050AD51 /* Controller */,
				36F7CBF0200620F10050AD51 /* View */,
			);
			path = "Vigenere Cipher";
			sourceTree = "<group>";
		};
		36F7CBE12006200A0050AD51 /* Vigenere CipherTests */ = {
			isa = PBXGroup;
			children = (
				36F7CBE22006200A0050AD51 /* Vigenere_CipherTests.swift */,
				36F7CBE42006200A0050AD51 /* Info.plist */,
			);
			path = "Vigenere CipherTests";
			sourceTree = "<group>";
		};
		36F7CBED200620D70050AD51 /* Other */ = {
			isa = PBXGroup;
			children = (
				36F7CBCD2006200A0050AD51 /* AppDelegate.swift */,
				36F7CBD42006200A0050AD51 /* Assets.xcassets */,
				36F7CBD62006200A0050AD51 /* LaunchScreen.storyboard */,
				36F7CBD92006200A0050AD51 /* Info.plist */,
			);
			path = Other;
			sourceTree = "<group>";
		};
		36F7CBEE200620DE0050AD51 /* Controller */ = {
			isa = PBXGroup;
			children = (
				36202259200798430037F59E /* VigenereCipherVC.swift */,
				36A8FDFE2007E21E00406057 /* AboutVC.swift */,
				3620225B2007986E0037F59E /* VigenereCipherVC+UITextFieldDelegate.swift */,
			);
			path = Controller;
			sourceTree = "<group>";
		};
		36F7CBEF200620E50050AD51 /* Model */ = {
			isa = PBXGroup;
			children = (
				3620225D20079C850037F59E /* VigenereCipher.swift */,
				3620225F20079ECC0037F59E /* VigenereCipher+Encrpyt.swift */,
				3620226120079ED50037F59E /* VigenereCipher+Decrpyt.swift */,
			);
			path = Model;
			sourceTree = "<group>";
		};
		36F7CBF0200620F10050AD51 /* View */ = {
			isa = PBXGroup;
			children = (
				36F7CBD12006200A0050AD51 /* Main.storyboard */,
			);
			path = View;
			sourceTree = "<group>";
		};
/* End PBXGroup section */

/* Begin PBXNativeTarget section */
		36F7CBC92006200A0050AD51 /* Vigenere Cipher */ = {
			isa = PBXNativeTarget;
			buildConfigurationList = 36F7CBE72006200A0050AD51 /* Build configuration list for PBXNativeTarget "Vigenere Cipher" */;
			buildPhases = (
				36F7CBC62006200A0050AD51 /* Sources */,
				36F7CBC72006200A0050AD51 /* Frameworks */,
				36F7CBC82006200A0050AD51 /* Resources */,
			);
			buildRules = (
			);
			dependencies = (
			);
			name = "Vigenere Cipher";
			productName = "Vigenere Cipher";
			productReference = 36F7CBCA2006200A0050AD51 /* Vigenere Cipher.app */;
			productType = "com.apple.product-type.application";
		};
		36F7CBDD2006200A0050AD51 /* Vigenere CipherTests */ = {
			isa = PBXNativeTarget;
			buildConfigurationList = 36F7CBEA2006200A0050AD51 /* Build configuration list for PBXNativeTarget "Vigenere CipherTests" */;
			buildPhases = (
				36F7CBDA2006200A0050AD51 /* Sources */,
				36F7CBDB2006200A0050AD51 /* Frameworks */,
				36F7CBDC2006200A0050AD51 /* Resources */,
			);
			buildRules = (
			);
			dependencies = (
				36F7CBE02006200A0050AD51 /* PBXTargetDependency */,
			);
			name = "Vigenere CipherTests";
			productName = "Vigenere CipherTests";
			productReference = 36F7CBDE2006200A0050AD51 /* Vigenere CipherTests.xctest */;
			productType = "com.apple.product-type.bundle.unit-test";
		};
/* End PBXNativeTarget section */

/* Begin PBXProject section */
		36F7CBC22006200A0050AD51 /* Project object */ = {
			isa = PBXProject;
			attributes = {
				LastSwiftUpdateCheck = 0920;
				LastUpgradeCheck = 0920;
				ORGANIZATIONNAME = "Can Sürmeli";
				TargetAttributes = {
					36F7CBC92006200A0050AD51 = {
						CreatedOnToolsVersion = 9.2;
						ProvisioningStyle = Automatic;
					};
					36F7CBDD2006200A0050AD51 = {
						CreatedOnToolsVersion = 9.2;
						ProvisioningStyle = Automatic;
						TestTargetID = 36F7CBC92006200A0050AD51;
					};
				};
			};
			buildConfigurationList = 36F7CBC52006200A0050AD51 /* Build configuration list for PBXProject "Vigenere Cipher" */;
			compatibilityVersion = "Xcode 8.0";
			developmentRegion = en;
			hasScannedForEncodings = 0;
			knownRegions = (
				en,
				Base,
			);
			mainGroup = 36F7CBC12006200A0050AD51;
			productRefGroup = 36F7CBCB2006200A0050AD51 /* Products */;
			projectDirPath = "";
			projectRoot = "";
			targets = (
				36F7CBC92006200A0050AD51 /* Vigenere Cipher */,
				36F7CBDD2006200A0050AD51 /* Vigenere CipherTests */,
			);
		};
/* End PBXProject section */

/* Begin PBXResourcesBuildPhase section */
		36F7CBC82006200A0050AD51 /* Resources */ = {
			isa = PBXResourcesBuildPhase;
			buildActionMask = 2147483647;
			files = (
				36F7CBD82006200A0050AD51 /* LaunchScreen.storyboard in Resources */,
				36F7CBD52006200A0050AD51 /* Assets.xcassets in Resources */,
				36F7CBD32006200A0050AD51 /* Main.storyboard in Resources */,
			);
			runOnlyForDeploymentPostprocessing = 0;
		};
		36F7CBDC2006200A0050AD51 /* Resources */ = {
			isa = PBXResourcesBuildPhase;
			buildActionMask = 2147483647;
			files = (
			);
			runOnlyForDeploymentPostprocessing = 0;
		};
/* End PBXResourcesBuildPhase section */

/* Begin PBXSourcesBuildPhase section */
		36F7CBC62006200A0050AD51 /* Sources */ = {
			isa = PBXSourcesBuildPhase;
			buildActionMask = 2147483647;
			files = (
				36A8FDFF2007E21E00406057 /* AboutVC.swift in Sources */,
				36A8FE022007E7F200406057 /* Bundle+VersionNumber.swift in Sources */,
				3620225E20079C850037F59E /* VigenereCipher.swift in Sources */,
				3620225A200798430037F59E /* VigenereCipherVC.swift in Sources */,
				3620226020079ECC0037F59E /* VigenereCipher+Encrpyt.swift in Sources */,
				3620225C2007986E0037F59E /* VigenereCipherVC+UITextFieldDelegate.swift in Sources */,
				3620226220079ED50037F59E /* VigenereCipher+Decrpyt.swift in Sources */,
				36F7CBCE2006200A0050AD51 /* AppDelegate.swift in Sources */,
			);
			runOnlyForDeploymentPostprocessing = 0;
		};
		36F7CBDA2006200A0050AD51 /* Sources */ = {
			isa = PBXSourcesBuildPhase;
			buildActionMask = 2147483647;
			files = (
				36F7CBE32006200A0050AD51 /* Vigenere_CipherTests.swift in Sources */,
			);
			runOnlyForDeploymentPostprocessing = 0;
		};
/* End PBXSourcesBuildPhase section */

/* Begin PBXTargetDependency section */
		36F7CBE02006200A0050AD51 /* PBXTargetDependency */ = {
			isa = PBXTargetDependency;
			target = 36F7CBC92006200A0050AD51 /* Vigenere Cipher */;
			targetProxy = 36F7CBDF2006200A0050AD51 /* PBXContainerItemProxy */;
		};
/* End PBXTargetDependency section */

/* Begin PBXVariantGroup section */
		36F7CBD12006200A0050AD51 /* Main.storyboard */ = {
			isa = PBXVariantGroup;
			children = (
				36F7CBD22006200A0050AD51 /* Base */,
			);
			name = Main.storyboard;
			sourceTree = "<group>";
		};
		36F7CBD62006200A0050AD51 /* LaunchScreen.storyboard */ = {
			isa = PBXVariantGroup;
			children = (
				36F7CBD72006200A0050AD51 /* Base */,
			);
			name = LaunchScreen.storyboard;
			sourceTree = "<group>";
		};
/* End PBXVariantGroup section */

/* Begin XCBuildConfiguration section */
		36F7CBE52006200A0050AD51 /* Debug */ = {
			isa = XCBuildConfiguration;
			buildSettings = {
				ALWAYS_SEARCH_USER_PATHS = NO;
				CLANG_ANALYZER_NONNULL = YES;
				CLANG_ANALYZER_NUMBER_OBJECT_CONVERSION = YES_AGGRESSIVE;
				CLANG_CXX_LANGUAGE_STANDARD = "gnu++14";
				CLANG_CXX_LIBRARY = "libc++";
				CLANG_ENABLE_MODULES = YES;
				CLANG_ENABLE_OBJC_ARC = YES;
				CLANG_WARN_BLOCK_CAPTURE_AUTORELEASING = YES;
				CLANG_WARN_BOOL_CONVERSION = YES;
				CLANG_WARN_COMMA = YES;
				CLANG_WARN_CONSTANT_CONVERSION = YES;
				CLANG_WARN_DIRECT_OBJC_ISA_USAGE = YES_ERROR;
				CLANG_WARN_DOCUMENTATION_COMMENTS = YES;
				CLANG_WARN_EMPTY_BODY = YES;
				CLANG_WARN_ENUM_CONVERSION = YES;
				CLANG_WARN_INFINITE_RECURSION = YES;
				CLANG_WARN_INT_CONVERSION = YES;
				CLANG_WARN_NON_LITERAL_NULL_CONVERSION = YES;
				CLANG_WARN_OBJC_LITERAL_CONVERSION = YES;
				CLANG_WARN_OBJC_ROOT_CLASS = YES_ERROR;
				CLANG_WARN_RANGE_LOOP_ANALYSIS = YES;
				CLANG_WARN_STRICT_PROTOTYPES = YES;
				CLANG_WARN_SUSPICIOUS_MOVE = YES;
				CLANG_WARN_UNGUARDED_AVAILABILITY = YES_AGGRESSIVE;
				CLANG_WARN_UNREACHABLE_CODE = YES;
				CLANG_WARN__DUPLICATE_METHOD_MATCH = YES;
				CODE_SIGN_IDENTITY = "iPhone Developer";
				COPY_PHASE_STRIP = NO;
				DEBUG_INFORMATION_FORMAT = dwarf;
				ENABLE_STRICT_OBJC_MSGSEND = YES;
				ENABLE_TESTABILITY = YES;
				GCC_C_LANGUAGE_STANDARD = gnu11;
				GCC_DYNAMIC_NO_PIC = NO;
				GCC_NO_COMMON_BLOCKS = YES;
				GCC_OPTIMIZATION_LEVEL = 0;
				GCC_PREPROCESSOR_DEFINITIONS = (
					"DEBUG=1",
					"$(inherited)",
				);
				GCC_WARN_64_TO_32_BIT_CONVERSION = YES;
				GCC_WARN_ABOUT_RETURN_TYPE = YES_ERROR;
				GCC_WARN_UNDECLARED_SELECTOR = YES;
				GCC_WARN_UNINITIALIZED_AUTOS = YES_AGGRESSIVE;
				GCC_WARN_UNUSED_FUNCTION = YES;
				GCC_WARN_UNUSED_VARIABLE = YES;
				IPHONEOS_DEPLOYMENT_TARGET = 11.2;
				MTL_ENABLE_DEBUG_INFO = YES;
				ONLY_ACTIVE_ARCH = YES;
				SDKROOT = iphoneos;
				SWIFT_ACTIVE_COMPILATION_CONDITIONS = DEBUG;
				SWIFT_OPTIMIZATION_LEVEL = "-Onone";
			};
			name = Debug;
		};
		36F7CBE62006200A0050AD51 /* Release */ = {
			isa = XCBuildConfiguration;
			buildSettings = {
				ALWAYS_SEARCH_USER_PATHS = NO;
				CLANG_ANALYZER_NONNULL = YES;
				CLANG_ANALYZER_NUMBER_OBJECT_CONVERSION = YES_AGGRESSIVE;
				CLANG_CXX_LANGUAGE_STANDARD = "gnu++14";
				CLANG_CXX_LIBRARY = "libc++";
				CLANG_ENABLE_MODULES = YES;
				CLANG_ENABLE_OBJC_ARC = YES;
				CLANG_WARN_BLOCK_CAPTURE_AUTORELEASING = YES;
				CLANG_WARN_BOOL_CONVERSION = YES;
				CLANG_WARN_COMMA = YES;
				CLANG_WARN_CONSTANT_CONVERSION = YES;
				CLANG_WARN_DIRECT_OBJC_ISA_USAGE = YES_ERROR;
				CLANG_WARN_DOCUMENTATION_COMMENTS = YES;
				CLANG_WARN_EMPTY_BODY = YES;
				CLANG_WARN_ENUM_CONVERSION = YES;
				CLANG_WARN_INFINITE_RECURSION = YES;
				CLANG_WARN_INT_CONVERSION = YES;
				CLANG_WARN_NON_LITERAL_NULL_CONVERSION = YES;
				CLANG_WARN_OBJC_LITERAL_CONVERSION = YES;
				CLANG_WARN_OBJC_ROOT_CLASS = YES_ERROR;
				CLANG_WARN_RANGE_LOOP_ANALYSIS = YES;
				CLANG_WARN_STRICT_PROTOTYPES = YES;
				CLANG_WARN_SUSPICIOUS_MOVE = YES;
				CLANG_WARN_UNGUARDED_AVAILABILITY = YES_AGGRESSIVE;
				CLANG_WARN_UNREACHABLE_CODE = YES;
				CLANG_WARN__DUPLICATE_METHOD_MATCH = YES;
				CODE_SIGN_IDENTITY = "iPhone Developer";
				COPY_PHASE_STRIP = NO;
				DEBUG_INFORMATION_FORMAT = "dwarf-with-dsym";
				ENABLE_NS_ASSERTIONS = NO;
				ENABLE_STRICT_OBJC_MSGSEND = YES;
				GCC_C_LANGUAGE_STANDARD = gnu11;
				GCC_NO_COMMON_BLOCKS = YES;
				GCC_WARN_64_TO_32_BIT_CONVERSION = YES;
				GCC_WARN_ABOUT_RETURN_TYPE = YES_ERROR;
				GCC_WARN_UNDECLARED_SELECTOR = YES;
				GCC_WARN_UNINITIALIZED_AUTOS = YES_AGGRESSIVE;
				GCC_WARN_UNUSED_FUNCTION = YES;
				GCC_WARN_UNUSED_VARIABLE = YES;
				IPHONEOS_DEPLOYMENT_TARGET = 11.2;
				MTL_ENABLE_DEBUG_INFO = NO;
				SDKROOT = iphoneos;
				SWIFT_OPTIMIZATION_LEVEL = "-Owholemodule";
				VALIDATE_PRODUCT = YES;
			};
			name = Release;
		};
		36F7CBE82006200A0050AD51 /* Debug */ = {
			isa = XCBuildConfiguration;
			buildSettings = {
				ASSETCATALOG_COMPILER_APPICON_NAME = AppIcon;
				CODE_SIGN_STYLE = Automatic;
				DEVELOPMENT_TEAM = 3KDTV5NX96;
				INFOPLIST_FILE = "$(SRCROOT)/Vigenere Cipher/Other/Info.plist";
				IPHONEOS_DEPLOYMENT_TARGET = 11.0;
				LD_RUNPATH_SEARCH_PATHS = "$(inherited) @executable_path/Frameworks";
				PRODUCT_BUNDLE_IDENTIFIER = "com.can.Vigenere-Cipher";
				PRODUCT_NAME = "$(TARGET_NAME)";
				SWIFT_VERSION = 4.0;
				TARGETED_DEVICE_FAMILY = "1,2";
			};
			name = Debug;
		};
		36F7CBE92006200A0050AD51 /* Release */ = {
			isa = XCBuildConfiguration;
			buildSettings = {
				ASSETCATALOG_COMPILER_APPICON_NAME = AppIcon;
				CODE_SIGN_STYLE = Automatic;
				DEVELOPMENT_TEAM = 3KDTV5NX96;
				INFOPLIST_FILE = "$(SRCROOT)/Vigenere Cipher/Other/Info.plist";
				IPHONEOS_DEPLOYMENT_TARGET = 11.0;
				LD_RUNPATH_SEARCH_PATHS = "$(inherited) @executable_path/Frameworks";
				PRODUCT_BUNDLE_IDENTIFIER = "com.can.Vigenere-Cipher";
				PRODUCT_NAME = "$(TARGET_NAME)";
				SWIFT_VERSION = 4.0;
				TARGETED_DEVICE_FAMILY = "1,2";
			};
			name = Release;
		};
		36F7CBEB2006200A0050AD51 /* Debug */ = {
			isa = XCBuildConfiguration;
			buildSettings = {
				ALWAYS_EMBED_SWIFT_STANDARD_LIBRARIES = YES;
				BUNDLE_LOADER = "$(TEST_HOST)";
				CODE_SIGN_STYLE = Automatic;
				DEVELOPMENT_TEAM = 3KDTV5NX96;
				INFOPLIST_FILE = "Vigenere CipherTests/Info.plist";
				LD_RUNPATH_SEARCH_PATHS = "$(inherited) @executable_path/Frameworks @loader_path/Frameworks";
				PRODUCT_BUNDLE_IDENTIFIER = "com.can.Vigenere-CipherTests";
				PRODUCT_NAME = "$(TARGET_NAME)";
				SWIFT_VERSION = 4.0;
				TARGETED_DEVICE_FAMILY = "1,2";
				TEST_HOST = "$(BUILT_PRODUCTS_DIR)/Vigenere Cipher.app/Vigenere Cipher";
			};
			name = Debug;
		};
		36F7CBEC2006200A0050AD51 /* Release */ = {
			isa = XCBuildConfiguration;
			buildSettings = {
				ALWAYS_EMBED_SWIFT_STANDARD_LIBRARIES = YES;
				BUNDLE_LOADER = "$(TEST_HOST)";
				CODE_SIGN_STYLE = Automatic;
				DEVELOPMENT_TEAM = 3KDTV5NX96;
				INFOPLIST_FILE = "Vigenere CipherTests/Info.plist";
				LD_RUNPATH_SEARCH_PATHS = "$(inherited) @executable_path/Frameworks @loader_path/Frameworks";
				PRODUCT_BUNDLE_IDENTIFIER = "com.can.Vigenere-CipherTests";
				PRODUCT_NAME = "$(TARGET_NAME)";
				SWIFT_VERSION = 4.0;
				TARGETED_DEVICE_FAMILY = "1,2";
				TEST_HOST = "$(BUILT_PRODUCTS_DIR)/Vigenere Cipher.app/Vigenere Cipher";
			};
			name = Release;
		};
/* End XCBuildConfiguration section */

/* Begin XCConfigurationList section */
		36F7CBC52006200A0050AD51 /* Build configuration list for PBXProject "Vigenere Cipher" */ = {
			isa = XCConfigurationList;
			buildConfigurations = (
				36F7CBE52006200A0050AD51 /* Debug */,
				36F7CBE62006200A0050AD51 /* Release */,
			);
			defaultConfigurationIsVisible = 0;
			defaultConfigurationName = Release;
		};
		36F7CBE72006200A0050AD51 /* Build configuration list for PBXNativeTarget "Vigenere Cipher" */ = {
			isa = XCConfigurationList;
			buildConfigurations = (
				36F7CBE82006200A0050AD51 /* Debug */,
				36F7CBE92006200A0050AD51 /* Release */,
			);
			defaultConfigurationIsVisible = 0;
			defaultConfigurationName = Release;
		};
		36F7CBEA2006200A0050AD51 /* Build configuration list for PBXNativeTarget "Vigenere CipherTests" */ = {
			isa = XCConfigurationList;
			buildConfigurations = (
				36F7CBEB2006200A0050AD51 /* Debug */,
				36F7CBEC2006200A0050AD51 /* Release */,
			);
			defaultConfigurationIsVisible = 0;
			defaultConfigurationName = Release;
		};
/* End XCConfigurationList section */
	};
	rootObject = 36F7CBC22006200A0050AD51 /* Project object */;
}
